
Microsoft Visual Studio Solution File, Format Version 12.00
Project("{FAE04EC0-301F-11D3-BF4B-00C04F79EFBC}") = "SwitchingSides", "SwitchingSides\SwitchingSides.csproj", "{2E43A13E-BA2A-424B-AAE8-EA2029C1923C}"
EndProject
Global
	GlobalSection(SolutionConfigurationPlatforms) = preSolution
		Debug|Any CPU = Debug|Any CPU
		Release|Any CPU = Release|Any CPU
	EndGlobalSection
	GlobalSection(ProjectConfigurationPlatforms) = postSolution
		{2E43A13E-BA2A-424B-AAE8-EA2029C1923C}.Debug|Any CPU.ActiveCfg = Debug|Any CPU
		{2E43A13E-BA2A-424B-AAE8-EA2029C1923C}.Debug|Any CPU.Build.0 = Debug|Any CPU
		{2E43A13E-BA2A-424B-AAE8-EA2029C1923C}.Release|Any CPU.ActiveCfg = Release|Any CPU
		{2E43A13E-BA2A-424B-AAE8-EA2029C1923C}.Release|Any CPU.Build.0 = Release|Any CPU
	EndGlobalSection
EndGlobal
